PODS:
  - Alamofire (5.2.2)
  - Differentiator (4.0.1)
  - Kingfisher (5.15.3):
    - Kingfisher/Core (= 5.15.3)
  - Kingfisher/Core (5.15.3)
  - MBProgressHUD (1.2.0)
  - RxAlamofire (5.6.1):
    - RxAlamofire/Core (= 5.6.1)
  - RxAlamofire/Core (5.6.1):
    - Alamofire (~> 5.2)
    - RxSwift (~> 5.1)
  - RxCocoa (5.1.1):
    - RxRelay (~> 5)
    - RxSwift (~> 5)
  - RxCoreData (1.0.0):
    - RxCocoa (~> 5.0)
    - RxSwift (~> 5.0)
  - RxDataSources (4.0.1):
    - Differentiator (~> 4.0)
    - RxCocoa (~> 5.0)
    - RxSwift (~> 5.0)
  - RxRelay (5.1.1):
    - RxSwift (~> 5)
  - RxSwift (5.1.1)
  - SwiftMessages (8.0.2):
    - SwiftMessages/App (= 8.0.2)
  - SwiftMessages/App (8.0.2)

DEPENDENCIES:
  - Alamofire
  - Kingfisher
  - MBProgressHUD
  - RxAlamofire
  - RxCocoa
  - RxCoreData
  - RxDataSources
  - RxSwift
  - SwiftMessages

SPEC REPOS:
  trunk:
    - Alamofire
    - Differentiator
    - Kingfisher
    - MBProgressHUD
    - RxAlamofire
    - RxCocoa
    - RxCoreData
    - RxDataSources
    - RxRelay
    - RxSwift
    - SwiftMessages

SPEC CHECKSUMS:
  Alamofire: 814429acc853c6c54ff123fc3d2ef66803823ce0
  Differentiator: 886080237d9f87f322641dedbc5be257061b0602
  Kingfisher: 2fef2f4d9e809285aff7f6195b5290520904f3fa
  MBProgressHUD: 3ee5efcc380f6a79a7cc9b363dd669c5e1ae7406
  RxAlamofire: 0531dddf378c84270e97e897333678f1cfaec3ba
  RxCocoa: 32065309a38d29b5b0db858819b5bf9ef038b601
  RxCoreData: 1ed5f83e80facccc90fc054eb7f39a44177de56a
  RxDataSources: efee07fa4de48477eca0a4611e6d11e2da9c1114
  RxRelay: d77f7d771495f43c556cbc43eebd1bb54d01e8e9
  RxSwift: 81470a2074fa8780320ea5fe4102807cb7118178
  SwiftMessages: 633304165351b8e3dcbb81a71f8efcd86f9c1669

PODFILE CHECKSUM: e0e3c188c755ab08628a04c159b12f8bf1d858b6

COCOAPODS: 1.9.3
