// !$*UTF8*$!
{
	archiveVersion = 1;
	classes = {
	};
	objectVersion = 51;
	objects = {

/* Begin PBXBuildFile section */
		73B1CFF3EF64A8911D22A63E /* Pods_task_taskUITests.framework in Frameworks */ = {isa = PBXBuildFile; fileRef = F6128257BA52A66C41A39E3E /* Pods_task_taskUITests.framework */; };
		867745AB04FDC143A324C229 /* Pods_task.framework in Frameworks */ = {isa = PBXBuildFile; fileRef = 0B68F5BA9354956AAB5EFCE5 /* Pods_task.framework */; };
		A62C0B352551063A00028FAF /* VPAutoComplete.swift in Sources */ = {isa = PBXBuildFile; fileRef = A62C0B322551063A00028FAF /* VPAutoComplete.swift */; };
		A62C0B362551063A00028FAF /* VPAutoCompleteViewCell.xib in Resources */ = {isa = PBXBuildFile; fileRef = A62C0B332551063A00028FAF /* VPAutoCompleteViewCell.xib */; };
		A62C0B372551063A00028FAF /* VPAutoCompleteViewCell.swift in Sources */ = {isa = PBXBuildFile; fileRef = A62C0B342551063A00028FAF /* VPAutoCompleteViewCell.swift */; };
		A62C0B592551084500028FAF /* CityModel.swift in Sources */ = {isa = PBXBuildFile; fileRef = A62C0B572551084500028FAF /* CityModel.swift */; };
		A62C0B5A2551084500028FAF /* WeatherInfoModel.swift in Sources */ = {isa = PBXBuildFile; fileRef = A62C0B582551084500028FAF /* WeatherInfoModel.swift */; };
		A62C0B5F25510A9400028FAF /* city_list.json in Resources */ = {isa = PBXBuildFile; fileRef = A62C0B5E25510A9400028FAF /* city_list.json */; };
		A63D9FE7251BB76E00AE3926 /* Constants.swift in Sources */ = {isa = PBXBuildFile; fileRef = A63D9FB1251BB76D00AE3926 /* Constants.swift */; };
		A63D9FE8251BB76E00AE3926 /* Parameters.swift in Sources */ = {isa = PBXBuildFile; fileRef = A63D9FB2251BB76D00AE3926 /* Parameters.swift */; };
		A63D9FE9251BB76E00AE3926 /* Environment.swift in Sources */ = {isa = PBXBuildFile; fileRef = A63D9FB3251BB76D00AE3926 /* Environment.swift */; };
		A63D9FEF251BB76E00AE3926 /* UIImageView+SDWebImage.swift in Sources */ = {isa = PBXBuildFile; fileRef = A63D9FBA251BB76D00AE3926 /* UIImageView+SDWebImage.swift */; };
		A63D9FF0251BB76E00AE3926 /* UIView.swift in Sources */ = {isa = PBXBuildFile; fileRef = A63D9FBB251BB76D00AE3926 /* UIView.swift */; };
		A63D9FF1251BB76E00AE3926 /* UIViewController+Navigation.swift in Sources */ = {isa = PBXBuildFile; fileRef = A63D9FBC251BB76D00AE3926 /* UIViewController+Navigation.swift */; };
		A63D9FF2251BB76E00AE3926 /* String+CamelCase.swift in Sources */ = {isa = PBXBuildFile; fileRef = A63D9FBD251BB76D00AE3926 /* String+CamelCase.swift */; };
		A63D9FF3251BB76E00AE3926 /* Dictionary+CamelCase.swift in Sources */ = {isa = PBXBuildFile; fileRef = A63D9FBE251BB76D00AE3926 /* Dictionary+CamelCase.swift */; };
		A63D9FF4251BB76E00AE3926 /* UIStoryboard+Controllers.swift in Sources */ = {isa = PBXBuildFile; fileRef = A63D9FBF251BB76D00AE3926 /* UIStoryboard+Controllers.swift */; };
		A63D9FF9251BB76E00AE3926 /* BaseViewController.swift in Sources */ = {isa = PBXBuildFile; fileRef = A63D9FC8251BB76D00AE3926 /* BaseViewController.swift */; };
		A63D9FFC251BB76E00AE3926 /* APIManager.swift in Sources */ = {isa = PBXBuildFile; fileRef = A63D9FCC251BB76E00AE3926 /* APIManager.swift */; };
		A63D9FFD251BB76E00AE3926 /* APIRouter.swift in Sources */ = {isa = PBXBuildFile; fileRef = A63D9FCD251BB76E00AE3926 /* APIRouter.swift */; };
		A63D9FFE251BB76E00AE3926 /* APIResult.swift in Sources */ = {isa = PBXBuildFile; fileRef = A63D9FCE251BB76E00AE3926 /* APIResult.swift */; };
		A63D9FFF251BB76E00AE3926 /* APICallError.swift in Sources */ = {isa = PBXBuildFile; fileRef = A63D9FCF251BB76E00AE3926 /* APICallError.swift */; };
		A63DA000251BB76E00AE3926 /* API.swift in Sources */ = {isa = PBXBuildFile; fileRef = A63D9FD0251BB76E00AE3926 /* API.swift */; };
		A63DA003251BB76E00AE3926 /* AppCoordinator.swift in Sources */ = {isa = PBXBuildFile; fileRef = A63D9FD6251BB76E00AE3926 /* AppCoordinator.swift */; };
		A63DA004251BB76E00AE3926 /* Coordinator.swift in Sources */ = {isa = PBXBuildFile; fileRef = A63D9FD7251BB76E00AE3926 /* Coordinator.swift */; };
		A63DA007251BB76E00AE3926 /* Main.storyboard in Resources */ = {isa = PBXBuildFile; fileRef = A63D9FDC251BB76E00AE3926 /* Main.storyboard */; };
		A63DA00A251BB76E00AE3926 /* BaseViewModel.swift in Sources */ = {isa = PBXBuildFile; fileRef = A63D9FE2251BB76E00AE3926 /* BaseViewModel.swift */; };
		A63DA00C251BB76E00AE3926 /* Logging.swift in Sources */ = {isa = PBXBuildFile; fileRef = A63D9FE5251BB76E00AE3926 /* Logging.swift */; };
		A63DA00D251BB76E00AE3926 /* ActivityIndicator.swift in Sources */ = {isa = PBXBuildFile; fileRef = A63D9FE6251BB76E00AE3926 /* ActivityIndicator.swift */; };
		A63DA012251BB77B00AE3926 /* AppDependency.swift in Sources */ = {isa = PBXBuildFile; fileRef = A63DA011251BB77B00AE3926 /* AppDependency.swift */; };
		A65690AA251C227F00EC5D3C /* TaskApp.xcdatamodeld in Sources */ = {isa = PBXBuildFile; fileRef = A65690A8251C227F00EC5D3C /* TaskApp.xcdatamodeld */; };
		A65690EC251C3EF500EC5D3C /* GetCategoryResponse.swift in Sources */ = {isa = PBXBuildFile; fileRef = A65690EB251C3EF500EC5D3C /* GetCategoryResponse.swift */; };
		A65690F1251C3F2000EC5D3C /* GeneralData.swift in Sources */ = {isa = PBXBuildFile; fileRef = A65690F0251C3F2000EC5D3C /* GeneralData.swift */; };
		A65690F6251C496600EC5D3C /* CategoriesListViewController.swift in Sources */ = {isa = PBXBuildFile; fileRef = A65690F5251C496600EC5D3C /* CategoriesListViewController.swift */; };
		A65690FC251C4A0E00EC5D3C /* CategoryCollectionViewCell.swift in Sources */ = {isa = PBXBuildFile; fileRef = A65690FB251C4A0E00EC5D3C /* CategoryCollectionViewCell.swift */; };
		A6569104251C4AAA00EC5D3C /* CategoryListViewModel.swift in Sources */ = {isa = PBXBuildFile; fileRef = A6569103251C4AAA00EC5D3C /* CategoryListViewModel.swift */; };
		A6569109251C53E700EC5D3C /* CategoryCoreData.swift in Sources */ = {isa = PBXBuildFile; fileRef = A6569108251C53E700EC5D3C /* CategoryCoreData.swift */; };
		A6569111251C5A9E00EC5D3C /* AlerteableViewController.swift in Sources */ = {isa = PBXBuildFile; fileRef = A656910F251C5A9E00EC5D3C /* AlerteableViewController.swift */; };
		A6569112251C5A9E00EC5D3C /* ActivityIndicatorViewable.swift in Sources */ = {isa = PBXBuildFile; fileRef = A6569110251C5A9E00EC5D3C /* ActivityIndicatorViewable.swift */; };
		A656913E251C9CBF00EC5D3C /* ProductsCoodinator.swift in Sources */ = {isa = PBXBuildFile; fileRef = A656913D251C9CBF00EC5D3C /* ProductsCoodinator.swift */; };
		A6569143251CA00000EC5D3C /* ProductsViewController.swift in Sources */ = {isa = PBXBuildFile; fileRef = A6569142251CA00000EC5D3C /* ProductsViewController.swift */; };
		A6569148251CA3C200EC5D3C /* ProductsViewModel.swift in Sources */ = {isa = PBXBuildFile; fileRef = A6569147251CA3C200EC5D3C /* ProductsViewModel.swift */; };
		A6569150251CA68200EC5D3C /* ProductTableViewCell.swift in Sources */ = {isa = PBXBuildFile; fileRef = A656914F251CA68200EC5D3C /* ProductTableViewCell.swift */; };
		A6569156251CA74F00EC5D3C /* ProductModel.swift in Sources */ = {isa = PBXBuildFile; fileRef = A6569155251CA74F00EC5D3C /* ProductModel.swift */; };
		A6569161251CBFC100EC5D3C /* ProductCoreDateModel.swift in Sources */ = {isa = PBXBuildFile; fileRef = A6569160251CBFC100EC5D3C /* ProductCoreDateModel.swift */; };
		A65691AD251CC7CC00EC5D3C /* ProductDetailsPopUpViewController.swift in Sources */ = {isa = PBXBuildFile; fileRef = A65691AC251CC7CC00EC5D3C /* ProductDetailsPopUpViewController.swift */; };
		A6E45DB1251ABA81000FE55F /* AppDelegate.swift in Sources */ = {isa = PBXBuildFile; fileRef = A6E45DB0251ABA81000FE55F /* AppDelegate.swift */; };
		A6E45DB3251ABA81000FE55F /* SceneDelegate.swift in Sources */ = {isa = PBXBuildFile; fileRef = A6E45DB2251ABA81000FE55F /* SceneDelegate.swift */; };
		A6E45DBA251ABA81000FE55F /* Assets.xcassets in Resources */ = {isa = PBXBuildFile; fileRef = A6E45DB9251ABA81000FE55F /* Assets.xcassets */; };
		A6E45DBD251ABA81000FE55F /* LaunchScreen.storyboard in Resources */ = {isa = PBXBuildFile; fileRef = A6E45DBB251ABA81000FE55F /* LaunchScreen.storyboard */; };
		A6E45DC8251ABA82000FE55F /* taskTests.swift in Sources */ = {isa = PBXBuildFile; fileRef = A6E45DC7251ABA82000FE55F /* taskTests.swift */; };
		A6E45DD3251ABA82000FE55F /* taskUITests.swift in Sources */ = {isa = PBXBuildFile; fileRef = A6E45DD2251ABA82000FE55F /* taskUITests.swift */; };
		D82FF92595086E684E014C18 /* Pods_taskTests.framework in Frameworks */ = {isa = PBXBuildFile; fileRef = 6A5C7C79F165B5E8BA43535E /* Pods_taskTests.framework */; };
/* End PBXBuildFile section */

/* Begin PBXContainerItemProxy section */
		A6E45DC4251ABA82000FE55F /* PBXContainerItemProxy */ = {
			isa = PBXContainerItemProxy;
			containerPortal = A6E45DA5251ABA81000FE55F /* Project object */;
			proxyType = 1;
			remoteGlobalIDString = A6E45DAC251ABA81000FE55F;
			remoteInfo = task;
		};
		A6E45DCF251ABA82000FE55F /* PBXContainerItemProxy */ = {
			isa = PBXContainerItemProxy;
			containerPortal = A6E45DA5251ABA81000FE55F /* Project object */;
			proxyType = 1;
			remoteGlobalIDString = A6E45DAC251ABA81000FE55F;
			remoteInfo = task;
		};
/* End PBXContainerItemProxy section */

/* Begin PBXFileReference section */
		0B68F5BA9354956AAB5EFCE5 /* Pods_task.framework */ = {isa = PBXFileReference; explicitFileType = wrapper.framework; includeInIndex = 0; path = Pods_task.framework; sourceTree = BUILT_PRODUCTS_DIR; };
		4D0F832C631815B78D2753AA /* Pods-task-taskUITests.release.xcconfig */ = {isa = PBXFileReference; includeInIndex = 1; lastKnownFileType = text.xcconfig; name = "Pods-task-taskUITests.release.xcconfig"; path = "Target Support Files/Pods-task-taskUITests/Pods-task-taskUITests.release.xcconfig"; sourceTree = "<group>"; };
		56D6034A5385E7715610FD6D /* Pods-taskTests.release.xcconfig */ = {isa = PBXFileReference; includeInIndex = 1; lastKnownFileType = text.xcconfig; name = "Pods-taskTests.release.xcconfig"; path = "Target Support Files/Pods-taskTests/Pods-taskTests.release.xcconfig"; sourceTree = "<group>"; };
		6A5C7C79F165B5E8BA43535E /* Pods_taskTests.framework */ = {isa = PBXFileReference; explicitFileType = wrapper.framework; includeInIndex = 0; path = Pods_taskTests.framework; sourceTree = BUILT_PRODUCTS_DIR; };
		8F8E1FE278BD71B8F2931754 /* Pods-task.release.xcconfig */ = {isa = PBXFileReference; includeInIndex = 1; lastKnownFileType = text.xcconfig; name = "Pods-task.release.xcconfig"; path = "Target Support Files/Pods-task/Pods-task.release.xcconfig"; sourceTree = "<group>"; };
		A62C0B322551063A00028FAF /* VPAutoComplete.swift */ = {isa = PBXFileReference; fileEncoding = 4; lastKnownFileType = sourcecode.swift; path = VPAutoComplete.swift; sourceTree = "<group>"; };
		A62C0B332551063A00028FAF /* VPAutoCompleteViewCell.xib */ = {isa = PBXFileReference; fileEncoding = 4; lastKnownFileType = file.xib; path = VPAutoCompleteViewCell.xib; sourceTree = "<group>"; };
		A62C0B342551063A00028FAF /* VPAutoCompleteViewCell.swift */ = {isa = PBXFileReference; fileEncoding = 4; lastKnownFileType = sourcecode.swift; path = VPAutoCompleteViewCell.swift; sourceTree = "<group>"; };
		A62C0B572551084500028FAF /* CityModel.swift */ = {isa = PBXFileReference; fileEncoding = 4; lastKnownFileType = sourcecode.swift; path = CityModel.swift; sourceTree = "<group>"; };
		A62C0B582551084500028FAF /* WeatherInfoModel.swift */ = {isa = PBXFileReference; fileEncoding = 4; lastKnownFileType = sourcecode.swift; path = WeatherInfoModel.swift; sourceTree = "<group>"; };
		A62C0B5E25510A9400028FAF /* city_list.json */ = {isa = PBXFileReference; fileEncoding = 4; lastKnownFileType = text.json; path = city_list.json; sourceTree = "<group>"; };
		A63D9FB1251BB76D00AE3926 /* Constants.swift */ = {isa = PBXFileReference; fileEncoding = 4; lastKnownFileType = sourcecode.swift; path = Constants.swift; sourceTree = "<group>"; };
		A63D9FB2251BB76D00AE3926 /* Parameters.swift */ = {isa = PBXFileReference; fileEncoding = 4; lastKnownFileType = sourcecode.swift; path = Parameters.swift; sourceTree = "<group>"; };
		A63D9FB3251BB76D00AE3926 /* Environment.swift */ = {isa = PBXFileReference; fileEncoding = 4; lastKnownFileType = sourcecode.swift; path = Environment.swift; sourceTree = "<group>"; };
		A63D9FBA251BB76D00AE3926 /* UIImageView+SDWebImage.swift */ = {isa = PBXFileReference; fileEncoding = 4; lastKnownFileType = sourcecode.swift; path = "UIImageView+SDWebImage.swift"; sourceTree = "<group>"; };
		A63D9FBB251BB76D00AE3926 /* UIView.swift */ = {isa = PBXFileReference; fileEncoding = 4; lastKnownFileType = sourcecode.swift; path = UIView.swift; sourceTree = "<group>"; };
		A63D9FBC251BB76D00AE3926 /* UIViewController+Navigation.swift */ = {isa = PBXFileReference; fileEncoding = 4; lastKnownFileType = sourcecode.swift; path = "UIViewController+Navigation.swift"; sourceTree = "<group>"; };
		A63D9FBD251BB76D00AE3926 /* String+CamelCase.swift */ = {isa = PBXFileReference; fileEncoding = 4; lastKnownFileType = sourcecode.swift; path = "String+CamelCase.swift"; sourceTree = "<group>"; };
		A63D9FBE251BB76D00AE3926 /* Dictionary+CamelCase.swift */ = {isa = PBXFileReference; fileEncoding = 4; lastKnownFileType = sourcecode.swift; path = "Dictionary+CamelCase.swift"; sourceTree = "<group>"; };
		A63D9FBF251BB76D00AE3926 /* UIStoryboard+Controllers.swift */ = {isa = PBXFileReference; fileEncoding = 4; lastKnownFileType = sourcecode.swift; path = "UIStoryboard+Controllers.swift"; sourceTree = "<group>"; };
		A63D9FC8251BB76D00AE3926 /* BaseViewController.swift */ = {isa = PBXFileReference; fileEncoding = 4; lastKnownFileType = sourcecode.swift; path = BaseViewController.swift; sourceTree = "<group>"; };
		A63D9FCC251BB76E00AE3926 /* APIManager.swift */ = {isa = PBXFileReference; fileEncoding = 4; lastKnownFileType = sourcecode.swift; path = APIManager.swift; sourceTree = "<group>"; };
		A63D9FCD251BB76E00AE3926 /* APIRouter.swift */ = {isa = PBXFileReference; fileEncoding = 4; lastKnownFileType = sourcecode.swift; path = APIRouter.swift; sourceTree = "<group>"; };
		A63D9FCE251BB76E00AE3926 /* APIResult.swift */ = {isa = PBXFileReference; fileEncoding = 4; lastKnownFileType = sourcecode.swift; path = APIResult.swift; sourceTree = "<group>"; };
		A63D9FCF251BB76E00AE3926 /* APICallError.swift */ = {isa = PBXFileReference; fileEncoding = 4; lastKnownFileType = sourcecode.swift; path = APICallError.swift; sourceTree = "<group>"; };
		A63D9FD0251BB76E00AE3926 /* API.swift */ = {isa = PBXFileReference; fileEncoding = 4; lastKnownFileType = sourcecode.swift; path = API.swift; sourceTree = "<group>"; };
		A63D9FD6251BB76E00AE3926 /* AppCoordinator.swift */ = {isa = PBXFileReference; fileEncoding = 4; lastKnownFileType = sourcecode.swift; path = AppCoordinator.swift; sourceTree = "<group>"; };
		A63D9FD7251BB76E00AE3926 /* Coordinator.swift */ = {isa = PBXFileReference; fileEncoding = 4; lastKnownFileType = sourcecode.swift; path = Coordinator.swift; sourceTree = "<group>"; };
		A63D9FDD251BB76E00AE3926 /* Base */ = {isa = PBXFileReference; lastKnownFileType = file.storyboard; name = Base; path = Base.lproj/Main.storyboard; sourceTree = "<group>"; };
		A63D9FE2251BB76E00AE3926 /* BaseViewModel.swift */ = {isa = PBXFileReference; fileEncoding = 4; lastKnownFileType = sourcecode.swift; path = BaseViewModel.swift; sourceTree = "<group>"; };
		A63D9FE5251BB76E00AE3926 /* Logging.swift */ = {isa = PBXFileReference; fileEncoding = 4; lastKnownFileType = sourcecode.swift; path = Logging.swift; sourceTree = "<group>"; };
		A63D9FE6251BB76E00AE3926 /* ActivityIndicator.swift */ = {isa = PBXFileReference; fileEncoding = 4; lastKnownFileType = sourcecode.swift; path = ActivityIndicator.swift; sourceTree = "<group>"; };
		A63DA011251BB77B00AE3926 /* AppDependency.swift */ = {isa = PBXFileReference; fileEncoding = 4; lastKnownFileType = sourcecode.swift; path = AppDependency.swift; sourceTree = "<group>"; };
		A65690A9251C227F00EC5D3C /* MovieApp.xcdatamodel */ = {isa = PBXFileReference; lastKnownFileType = wrapper.xcdatamodel; path = MovieApp.xcdatamodel; sourceTree = "<group>"; };
		A65690EB251C3EF500EC5D3C /* GetCategoryResponse.swift */ = {isa = PBXFileReference; lastKnownFileType = sourcecode.swift; path = GetCategoryResponse.swift; sourceTree = "<group>"; };
		A65690F0251C3F2000EC5D3C /* GeneralData.swift */ = {isa = PBXFileReference; lastKnownFileType = sourcecode.swift; path = GeneralData.swift; sourceTree = "<group>"; };
		A65690F5251C496600EC5D3C /* CategoriesListViewController.swift */ = {isa = PBXFileReference; lastKnownFileType = sourcecode.swift; path = CategoriesListViewController.swift; sourceTree = "<group>"; };
		A65690FB251C4A0E00EC5D3C /* CategoryCollectionViewCell.swift */ = {isa = PBXFileReference; lastKnownFileType = sourcecode.swift; path = CategoryCollectionViewCell.swift; sourceTree = "<group>"; };
		A6569103251C4AAA00EC5D3C /* CategoryListViewModel.swift */ = {isa = PBXFileReference; lastKnownFileType = sourcecode.swift; path = CategoryListViewModel.swift; sourceTree = "<group>"; };
		A6569108251C53E700EC5D3C /* CategoryCoreData.swift */ = {isa = PBXFileReference; lastKnownFileType = sourcecode.swift; path = CategoryCoreData.swift; sourceTree = "<group>"; };
		A656910F251C5A9E00EC5D3C /* AlerteableViewController.swift */ = {isa = PBXFileReference; fileEncoding = 4; lastKnownFileType = sourcecode.swift; path = AlerteableViewController.swift; sourceTree = "<group>"; };
		A6569110251C5A9E00EC5D3C /* ActivityIndicatorViewable.swift */ = {isa = PBXFileReference; fileEncoding = 4; lastKnownFileType = sourcecode.swift; path = ActivityIndicatorViewable.swift; sourceTree = "<group>"; };
		A656913D251C9CBF00EC5D3C /* ProductsCoodinator.swift */ = {isa = PBXFileReference; lastKnownFileType = sourcecode.swift; path = ProductsCoodinator.swift; sourceTree = "<group>"; };
		A6569142251CA00000EC5D3C /* ProductsViewController.swift */ = {isa = PBXFileReference; lastKnownFileType = sourcecode.swift; path = ProductsViewController.swift; sourceTree = "<group>"; };
		A6569147251CA3C200EC5D3C /* ProductsViewModel.swift */ = {isa = PBXFileReference; lastKnownFileType = sourcecode.swift; path = ProductsViewModel.swift; sourceTree = "<group>"; };
		A656914F251CA68200EC5D3C /* ProductTableViewCell.swift */ = {isa = PBXFileReference; lastKnownFileType = sourcecode.swift; path = ProductTableViewCell.swift; sourceTree = "<group>"; };
		A6569155251CA74F00EC5D3C /* ProductModel.swift */ = {isa = PBXFileReference; lastKnownFileType = sourcecode.swift; path = ProductModel.swift; sourceTree = "<group>"; };
		A6569160251CBFC100EC5D3C /* ProductCoreDateModel.swift */ = {isa = PBXFileReference; lastKnownFileType = sourcecode.swift; path = ProductCoreDateModel.swift; sourceTree = "<group>"; };
		A65691AC251CC7CC00EC5D3C /* ProductDetailsPopUpViewController.swift */ = {isa = PBXFileReference; lastKnownFileType = sourcecode.swift; path = ProductDetailsPopUpViewController.swift; sourceTree = "<group>"; };
		A6E45DAD251ABA81000FE55F /* task.app */ = {isa = PBXFileReference; explicitFileType = wrapper.application; includeInIndex = 0; path = task.app; sourceTree = BUILT_PRODUCTS_DIR; };
		A6E45DB0251ABA81000FE55F /* AppDelegate.swift */ = {isa = PBXFileReference; lastKnownFileType = sourcecode.swift; path = AppDelegate.swift; sourceTree = "<group>"; };
		A6E45DB2251ABA81000FE55F /* SceneDelegate.swift */ = {isa = PBXFileReference; lastKnownFileType = sourcecode.swift; path = SceneDelegate.swift; sourceTree = "<group>"; };
		A6E45DB9251ABA81000FE55F /* Assets.xcassets */ = {isa = PBXFileReference; lastKnownFileType = folder.assetcatalog; path = Assets.xcassets; sourceTree = "<group>"; };
		A6E45DBC251ABA81000FE55F /* Base */ = {isa = PBXFileReference; lastKnownFileType = file.storyboard; name = Base; path = Base.lproj/LaunchScreen.storyboard; sourceTree = "<group>"; };
		A6E45DBE251ABA81000FE55F /* Info.plist */ = {isa = PBXFileReference; lastKnownFileType = text.plist.xml; path = Info.plist; sourceTree = "<group>"; };
		A6E45DC3251ABA82000FE55F /* taskTests.xctest */ = {isa = PBXFileReference; explicitFileType = wrapper.cfbundle; includeInIndex = 0; path = taskTests.xctest; sourceTree = BUILT_PRODUCTS_DIR; };
		A6E45DC7251ABA82000FE55F /* taskTests.swift */ = {isa = PBXFileReference; lastKnownFileType = sourcecode.swift; path = taskTests.swift; sourceTree = "<group>"; };
		A6E45DC9251ABA82000FE55F /* Info.plist */ = {isa = PBXFileReference; lastKnownFileType = text.plist.xml; path = Info.plist; sourceTree = "<group>"; };
		A6E45DCE251ABA82000FE55F /* taskUITests.xctest */ = {isa = PBXFileReference; explicitFileType = wrapper.cfbundle; includeInIndex = 0; path = taskUITests.xctest; sourceTree = BUILT_PRODUCTS_DIR; };
		A6E45DD2251ABA82000FE55F /* taskUITests.swift */ = {isa = PBXFileReference; lastKnownFileType = sourcecode.swift; path = taskUITests.swift; sourceTree = "<group>"; };
		A6E45DD4251ABA82000FE55F /* Info.plist */ = {isa = PBXFileReference; lastKnownFileType = text.plist.xml; path = Info.plist; sourceTree = "<group>"; };
		C35CC5CE776358EAD239C59C /* Pods-task-taskUITests.debug.xcconfig */ = {isa = PBXFileReference; includeInIndex = 1; lastKnownFileType = text.xcconfig; name = "Pods-task-taskUITests.debug.xcconfig"; path = "Target Support Files/Pods-task-taskUITests/Pods-task-taskUITests.debug.xcconfig"; sourceTree = "<group>"; };
		C9B2C75558B1DA18CC8DDFB7 /* Pods-task.debug.xcconfig */ = {isa = PBXFileReference; includeInIndex = 1; lastKnownFileType = text.xcconfig; name = "Pods-task.debug.xcconfig"; path = "Target Support Files/Pods-task/Pods-task.debug.xcconfig"; sourceTree = "<group>"; };
		EE2E40BF84D243205FE9A592 /* Pods-taskTests.debug.xcconfig */ = {isa = PBXFileReference; includeInIndex = 1; lastKnownFileType = text.xcconfig; name = "Pods-taskTests.debug.xcconfig"; path = "Target Support Files/Pods-taskTests/Pods-taskTests.debug.xcconfig"; sourceTree = "<group>"; };
		F6128257BA52A66C41A39E3E /* Pods_task_taskUITests.framework */ = {isa = PBXFileReference; explicitFileType = wrapper.framework; includeInIndex = 0; path = Pods_task_taskUITests.framework; sourceTree = BUILT_PRODUCTS_DIR; };
/* End PBXFileReference section */

/* Begin PBXFrameworksBuildPhase section */
		A6E45DAA251ABA81000FE55F /* Frameworks */ = {
			isa = PBXFrameworksBuildPhase;
			buildActionMask = 2147483647;
			files = (
				867745AB04FDC143A324C229 /* Pods_task.framework in Frameworks */,
			);
			runOnlyForDeploymentPostprocessing = 0;
		};
		A6E45DC0251ABA82000FE55F /* Frameworks */ = {
			isa = PBXFrameworksBuildPhase;
			buildActionMask = 2147483647;
			files = (
				D82FF92595086E684E014C18 /* Pods_taskTests.framework in Frameworks */,
			);
			runOnlyForDeploymentPostprocessing = 0;
		};
		A6E45DCB251ABA82000FE55F /* Frameworks */ = {
			isa = PBXFrameworksBuildPhase;
			buildActionMask = 2147483647;
			files = (
				73B1CFF3EF64A8911D22A63E /* Pods_task_taskUITests.framework in Frameworks */,
			);
			runOnlyForDeploymentPostprocessing = 0;
		};
/* End PBXFrameworksBuildPhase section */

/* Begin PBXGroup section */
		549FF0325B9C98F7EB50384C /* Frameworks */ = {
			isa = PBXGroup;
			children = (
				0B68F5BA9354956AAB5EFCE5 /* Pods_task.framework */,
				F6128257BA52A66C41A39E3E /* Pods_task_taskUITests.framework */,
				6A5C7C79F165B5E8BA43535E /* Pods_taskTests.framework */,
			);
			name = Frameworks;
			sourceTree = "<group>";
		};
		719348C143438A0AE5568E74 /* Pods */ = {
			isa = PBXGroup;
			children = (
				C9B2C75558B1DA18CC8DDFB7 /* Pods-task.debug.xcconfig */,
				8F8E1FE278BD71B8F2931754 /* Pods-task.release.xcconfig */,
				C35CC5CE776358EAD239C59C /* Pods-task-taskUITests.debug.xcconfig */,
				4D0F832C631815B78D2753AA /* Pods-task-taskUITests.release.xcconfig */,
				EE2E40BF84D243205FE9A592 /* Pods-taskTests.debug.xcconfig */,
				56D6034A5385E7715610FD6D /* Pods-taskTests.release.xcconfig */,
			);
			path = Pods;
			sourceTree = "<group>";
		};
		A62C0B302551063A00028FAF /* External */ = {
			isa = PBXGroup;
			children = (
				A62C0B312551063A00028FAF /* VPAutoComplete-Source */,
			);
			path = External;
			sourceTree = "<group>";
		};
		A62C0B312551063A00028FAF /* VPAutoComplete-Source */ = {
			isa = PBXGroup;
			children = (
				A62C0B322551063A00028FAF /* VPAutoComplete.swift */,
				A62C0B332551063A00028FAF /* VPAutoCompleteViewCell.xib */,
				A62C0B342551063A00028FAF /* VPAutoCompleteViewCell.swift */,
			);
			path = "VPAutoComplete-Source";
			sourceTree = "<group>";
		};
		A63D9FB0251BB76D00AE3926 /* Constants */ = {
			isa = PBXGroup;
			children = (
				A63D9FB1251BB76D00AE3926 /* Constants.swift */,
				A63D9FB2251BB76D00AE3926 /* Parameters.swift */,
				A63D9FB3251BB76D00AE3926 /* Environment.swift */,
			);
			path = Constants;
			sourceTree = "<group>";
		};
		A63D9FB9251BB76D00AE3926 /* Extensions */ = {
			isa = PBXGroup;
			children = (
				A63D9FBA251BB76D00AE3926 /* UIImageView+SDWebImage.swift */,
				A63D9FBB251BB76D00AE3926 /* UIView.swift */,
				A63D9FBC251BB76D00AE3926 /* UIViewController+Navigation.swift */,
				A63D9FBD251BB76D00AE3926 /* String+CamelCase.swift */,
				A63D9FBE251BB76D00AE3926 /* Dictionary+CamelCase.swift */,
				A63D9FBF251BB76D00AE3926 /* UIStoryboard+Controllers.swift */,
			);
			path = Extensions;
			sourceTree = "<group>";
		};
		A63D9FC0251BB76D00AE3926 /* Model */ = {
			isa = PBXGroup;
			children = (
				A62C0B572551084500028FAF /* CityModel.swift */,
				A62C0B582551084500028FAF /* WeatherInfoModel.swift */,
				A6569154251CA73900EC5D3C /* ProductModel */,
				A65690EA251C3ECC00EC5D3C /* categoryModel */,
				A65690F0251C3F2000EC5D3C /* GeneralData.swift */,
			);
			path = Model;
			sourceTree = "<group>";
		};
		A63D9FC6251BB76D00AE3926 /* View */ = {
			isa = PBXGroup;
			children = (
				A65690FA251C49F200EC5D3C /* Cells */,
				A63D9FC7251BB76D00AE3926 /* ViewController */,
			);
			path = View;
			sourceTree = "<group>";
		};
		A63D9FC7251BB76D00AE3926 /* ViewController */ = {
			isa = PBXGroup;
			children = (
				A63D9FC8251BB76D00AE3926 /* BaseViewController.swift */,
				A65690F5251C496600EC5D3C /* CategoriesListViewController.swift */,
				A6569142251CA00000EC5D3C /* ProductsViewController.swift */,
				A65691AC251CC7CC00EC5D3C /* ProductDetailsPopUpViewController.swift */,
			);
			path = ViewController;
			sourceTree = "<group>";
		};
		A63D9FCB251BB76E00AE3926 /* Networking */ = {
			isa = PBXGroup;
			children = (
				A63D9FCC251BB76E00AE3926 /* APIManager.swift */,
				A63D9FCD251BB76E00AE3926 /* APIRouter.swift */,
				A63D9FCE251BB76E00AE3926 /* APIResult.swift */,
				A63D9FCF251BB76E00AE3926 /* APICallError.swift */,
				A63D9FD0251BB76E00AE3926 /* API.swift */,
			);
			path = Networking;
			sourceTree = "<group>";
		};
		A63D9FD5251BB76E00AE3926 /* Coordinator */ = {
			isa = PBXGroup;
			children = (
				A63D9FD6251BB76E00AE3926 /* AppCoordinator.swift */,
				A63D9FD7251BB76E00AE3926 /* Coordinator.swift */,
				A656913D251C9CBF00EC5D3C /* ProductsCoodinator.swift */,
			);
			path = Coordinator;
			sourceTree = "<group>";
		};
		A63D9FD8251BB76E00AE3926 /* Resources */ = {
			isa = PBXGroup;
			children = (
				A62C0B5E25510A9400028FAF /* city_list.json */,
			);
			path = Resources;
			sourceTree = "<group>";
		};
		A63D9FE0251BB76E00AE3926 /* ViewModel */ = {
			isa = PBXGroup;
			children = (
				A63D9FE2251BB76E00AE3926 /* BaseViewModel.swift */,
				A6569103251C4AAA00EC5D3C /* CategoryListViewModel.swift */,
				A6569147251CA3C200EC5D3C /* ProductsViewModel.swift */,
			);
			path = ViewModel;
			sourceTree = "<group>";
		};
		A63D9FE4251BB76E00AE3926 /* Utility */ = {
			isa = PBXGroup;
			children = (
				A62C0B302551063A00028FAF /* External */,
				A63D9FE5251BB76E00AE3926 /* Logging.swift */,
				A63D9FE6251BB76E00AE3926 /* ActivityIndicator.swift */,
			);
			path = Utility;
			sourceTree = "<group>";
		};
		A65690EA251C3ECC00EC5D3C /* categoryModel */ = {
			isa = PBXGroup;
			children = (
				A65690EB251C3EF500EC5D3C /* GetCategoryResponse.swift */,
				A6569108251C53E700EC5D3C /* CategoryCoreData.swift */,
			);
			path = categoryModel;
			sourceTree = "<group>";
		};
		A65690FA251C49F200EC5D3C /* Cells */ = {
			isa = PBXGroup;
			children = (
				A65690FB251C4A0E00EC5D3C /* CategoryCollectionViewCell.swift */,
				A656914F251CA68200EC5D3C /* ProductTableViewCell.swift */,
			);
			path = Cells;
			sourceTree = "<group>";
		};
		A656910D251C5A9E00EC5D3C /* Protocols */ = {
			isa = PBXGroup;
			children = (
				A656910E251C5A9E00EC5D3C /* ViewController */,
			);
			path = Protocols;
			sourceTree = "<group>";
		};
		A656910E251C5A9E00EC5D3C /* ViewController */ = {
			isa = PBXGroup;
			children = (
				A656910F251C5A9E00EC5D3C /* AlerteableViewController.swift */,
				A6569110251C5A9E00EC5D3C /* ActivityIndicatorViewable.swift */,
			);
			path = ViewController;
			sourceTree = "<group>";
		};
		A6569154251CA73900EC5D3C /* ProductModel */ = {
			isa = PBXGroup;
			children = (
				A6569155251CA74F00EC5D3C /* ProductModel.swift */,
				A6569160251CBFC100EC5D3C /* ProductCoreDateModel.swift */,
			);
			path = ProductModel;
			sourceTree = "<group>";
		};
		A6E45DA4251ABA81000FE55F = {
			isa = PBXGroup;
			children = (
				A6E45DAF251ABA81000FE55F /* task */,
				A6E45DC6251ABA82000FE55F /* taskTests */,
				A6E45DD1251ABA82000FE55F /* taskUITests */,
				A6E45DAE251ABA81000FE55F /* Products */,
				719348C143438A0AE5568E74 /* Pods */,
				549FF0325B9C98F7EB50384C /* Frameworks */,
			);
			sourceTree = "<group>";
		};
		A6E45DAE251ABA81000FE55F /* Products */ = {
			isa = PBXGroup;
			children = (
				A6E45DAD251ABA81000FE55F /* task.app */,
				A6E45DC3251ABA82000FE55F /* taskTests.xctest */,
				A6E45DCE251ABA82000FE55F /* taskUITests.xctest */,
			);
			name = Products;
			sourceTree = "<group>";
		};
		A6E45DAF251ABA81000FE55F /* task */ = {
			isa = PBXGroup;
			children = (
				A65690A8251C227F00EC5D3C /* TaskApp.xcdatamodeld */,
				A63D9FB0251BB76D00AE3926 /* Constants */,
				A63D9FD5251BB76E00AE3926 /* Coordinator */,
				A63D9FB9251BB76D00AE3926 /* Extensions */,
				A63D9FC0251BB76D00AE3926 /* Model */,
				A63D9FCB251BB76E00AE3926 /* Networking */,
				A656910D251C5A9E00EC5D3C /* Protocols */,
				A63D9FD8251BB76E00AE3926 /* Resources */,
				A63D9FE4251BB76E00AE3926 /* Utility */,
				A63D9FC6251BB76D00AE3926 /* View */,
				A63D9FE0251BB76E00AE3926 /* ViewModel */,
				A6E45DB0251ABA81000FE55F /* AppDelegate.swift */,
				A6E45DB2251ABA81000FE55F /* SceneDelegate.swift */,
				A63DA011251BB77B00AE3926 /* AppDependency.swift */,
				A6E45DB9251ABA81000FE55F /* Assets.xcassets */,
				A6E45DBB251ABA81000FE55F /* LaunchScreen.storyboard */,
				A63D9FDC251BB76E00AE3926 /* Main.storyboard */,
				A6E45DBE251ABA81000FE55F /* Info.plist */,
			);
			path = task;
			sourceTree = "<group>";
		};
		A6E45DC6251ABA82000FE55F /* taskTests */ = {
			isa = PBXGroup;
			children = (
				A6E45DC7251ABA82000FE55F /* taskTests.swift */,
				A6E45DC9251ABA82000FE55F /* Info.plist */,
			);
			path = taskTests;
			sourceTree = "<group>";
		};
		A6E45DD1251ABA82000FE55F /* taskUITests */ = {
			isa = PBXGroup;
			children = (
				A6E45DD2251ABA82000FE55F /* taskUITests.swift */,
				A6E45DD4251ABA82000FE55F /* Info.plist */,
			);
			path = taskUITests;
			sourceTree = "<group>";
		};
/* End PBXGroup section */

/* Begin PBXNativeTarget section */
		A6E45DAC251ABA81000FE55F /* task */ = {
			isa = PBXNativeTarget;
			buildConfigurationList = A6E45DD7251ABA82000FE55F /* Build configuration list for PBXNativeTarget "task" */;
			buildPhases = (
				F3BD8A73B65A422AA7D97EFC /* [CP] Check Pods Manifest.lock */,
				A6E45DA9251ABA81000FE55F /* Sources */,
				A6E45DAA251ABA81000FE55F /* Frameworks */,
				A6E45DAB251ABA81000FE55F /* Resources */,
				F2FA93BD4B93F3D7D62790F4 /* [CP] Embed Pods Frameworks */,
			);
			buildRules = (
			);
			dependencies = (
			);
			name = task;
			productName = task;
			productReference = A6E45DAD251ABA81000FE55F /* task.app */;
			productType = "com.apple.product-type.application";
		};
		A6E45DC2251ABA82000FE55F /* taskTests */ = {
			isa = PBXNativeTarget;
			buildConfigurationList = A6E45DDA251ABA82000FE55F /* Build configuration list for PBXNativeTarget "taskTests" */;
			buildPhases = (
				8311E56E1800A8A53E5A8B14 /* [CP] Check Pods Manifest.lock */,
				A6E45DBF251ABA82000FE55F /* Sources */,
				A6E45DC0251ABA82000FE55F /* Frameworks */,
				A6E45DC1251ABA82000FE55F /* Resources */,
			);
			buildRules = (
			);
			dependencies = (
				A6E45DC5251ABA82000FE55F /* PBXTargetDependency */,
			);
			name = taskTests;
			productName = taskTests;
			productReference = A6E45DC3251ABA82000FE55F /* taskTests.xctest */;
			productType = "com.apple.product-type.bundle.unit-test";
		};
		A6E45DCD251ABA82000FE55F /* taskUITests */ = {
			isa = PBXNativeTarget;
			buildConfigurationList = A6E45DDD251ABA82000FE55F /* Build configuration list for PBXNativeTarget "taskUITests" */;
			buildPhases = (
				0417DC5AE598813C8450C5F0 /* [CP] Check Pods Manifest.lock */,
				A6E45DCA251ABA82000FE55F /* Sources */,
				A6E45DCB251ABA82000FE55F /* Frameworks */,
				A6E45DCC251ABA82000FE55F /* Resources */,
				B8CAA5014AE08F35F98FABDA /* [CP] Embed Pods Frameworks */,
			);
			buildRules = (
			);
			dependencies = (
				A6E45DD0251ABA82000FE55F /* PBXTargetDependency */,
			);
			name = taskUITests;
			productName = taskUITests;
			productReference = A6E45DCE251ABA82000FE55F /* taskUITests.xctest */;
			productType = "com.apple.product-type.bundle.ui-testing";
		};
/* End PBXNativeTarget section */

/* Begin PBXProject section */
		A6E45DA5251ABA81000FE55F /* Project object */ = {
			isa = PBXProject;
			attributes = {
				LastSwiftUpdateCheck = 1200;
				LastUpgradeCheck = 1200;
				TargetAttributes = {
					A6E45DAC251ABA81000FE55F = {
						CreatedOnToolsVersion = 12.0;
					};
					A6E45DC2251ABA82000FE55F = {
						CreatedOnToolsVersion = 12.0;
						TestTargetID = A6E45DAC251ABA81000FE55F;
					};
					A6E45DCD251ABA82000FE55F = {
						CreatedOnToolsVersion = 12.0;
						TestTargetID = A6E45DAC251ABA81000FE55F;
					};
				};
			};
			buildConfigurationList = A6E45DA8251ABA81000FE55F /* Build configuration list for PBXProject "task" */;
			compatibilityVersion = "Xcode 9.3";
			developmentRegion = en;
			hasScannedForEncodings = 0;
			knownRegions = (
				en,
				Base,
			);
			mainGroup = A6E45DA4251ABA81000FE55F;
			productRefGroup = A6E45DAE251ABA81000FE55F /* Products */;
			projectDirPath = "";
			projectRoot = "";
			targets = (
				A6E45DAC251ABA81000FE55F /* task */,
				A6E45DC2251ABA82000FE55F /* taskTests */,
				A6E45DCD251ABA82000FE55F /* taskUITests */,
			);
		};
/* End PBXProject section */

/* Begin PBXResourcesBuildPhase section */
		A6E45DAB251ABA81000FE55F /* Resources */ = {
			isa = PBXResourcesBuildPhase;
			buildActionMask = 2147483647;
			files = (
				A6E45DBD251ABA81000FE55F /* LaunchScreen.storyboard in Resources */,
				A63DA007251BB76E00AE3926 /* Main.storyboard in Resources */,
				A62C0B5F25510A9400028FAF /* city_list.json in Resources */,
				A62C0B362551063A00028FAF /* VPAutoCompleteViewCell.xib in Resources */,
				A6E45DBA251ABA81000FE55F /* Assets.xcassets in Resources */,
			);
			runOnlyForDeploymentPostprocessing = 0;
		};
		A6E45DC1251ABA82000FE55F /* Resources */ = {
			isa = PBXResourcesBuildPhase;
			buildActionMask = 2147483647;
			files = (
			);
			runOnlyForDeploymentPostprocessing = 0;
		};
		A6E45DCC251ABA82000FE55F /* Resources */ = {
			isa = PBXResourcesBuildPhase;
			buildActionMask = 2147483647;
			files = (
			);
			runOnlyForDeploymentPostprocessing = 0;
		};
/* End PBXResourcesBuildPhase section */

/* Begin PBXShellScriptBuildPhase section */
		0417DC5AE598813C8450C5F0 /* [CP] Check Pods Manifest.lock */ = {
			isa = PBXShellScriptBuildPhase;
			buildActionMask = 2147483647;
			files = (
			);
			inputFileListPaths = (
			);
			inputPaths = (
				"${PODS_PODFILE_DIR_PATH}/Podfile.lock",
				"${PODS_ROOT}/Manifest.lock",
			);
			name = "[CP] Check Pods Manifest.lock";
			outputFileListPaths = (
			);
			outputPaths = (
				"$(DERIVED_FILE_DIR)/Pods-task-taskUITests-checkManifestLockResult.txt",
			);
			runOnlyForDeploymentPostprocessing = 0;
			shellPath = /bin/sh;
			shellScript = "diff \"${PODS_PODFILE_DIR_PATH}/Podfile.lock\" \"${PODS_ROOT}/Manifest.lock\" > /dev/null\nif [ $? != 0 ] ; then\n    # print error to STDERR\n    echo \"error: The sandbox is not in sync with the Podfile.lock. Run 'pod install' or update your CocoaPods installation.\" >&2\n    exit 1\nfi\n# This output is used by Xcode 'outputs' to avoid re-running this script phase.\necho \"SUCCESS\" > \"${SCRIPT_OUTPUT_FILE_0}\"\n";
			showEnvVarsInLog = 0;
		};
		8311E56E1800A8A53E5A8B14 /* [CP] Check Pods Manifest.lock */ = {
			isa = PBXShellScriptBuildPhase;
			buildActionMask = 2147483647;
			files = (
			);
			inputFileListPaths = (
			);
			inputPaths = (
				"${PODS_PODFILE_DIR_PATH}/Podfile.lock",
				"${PODS_ROOT}/Manifest.lock",
			);
			name = "[CP] Check Pods Manifest.lock";
			outputFileListPaths = (
			);
			outputPaths = (
				"$(DERIVED_FILE_DIR)/Pods-taskTests-checkManifestLockResult.txt",
			);
			runOnlyForDeploymentPostprocessing = 0;
			shellPath = /bin/sh;
			shellScript = "diff \"${PODS_PODFILE_DIR_PATH}/Podfile.lock\" \"${PODS_ROOT}/Manifest.lock\" > /dev/null\nif [ $? != 0 ] ; then\n    # print error to STDERR\n    echo \"error: The sandbox is not in sync with the Podfile.lock. Run 'pod install' or update your CocoaPods installation.\" >&2\n    exit 1\nfi\n# This output is used by Xcode 'outputs' to avoid re-running this script phase.\necho \"SUCCESS\" > \"${SCRIPT_OUTPUT_FILE_0}\"\n";
			showEnvVarsInLog = 0;
		};
		B8CAA5014AE08F35F98FABDA /* [CP] Embed Pods Frameworks */ = {
			isa = PBXShellScriptBuildPhase;
			buildActionMask = 2147483647;
			files = (
			);
			inputFileListPaths = (
				"${PODS_ROOT}/Target Support Files/Pods-task-taskUITests/Pods-task-taskUITests-frameworks-${CONFIGURATION}-input-files.xcfilelist",
			);
			name = "[CP] Embed Pods Frameworks";
			outputFileListPaths = (
				"${PODS_ROOT}/Target Support Files/Pods-task-taskUITests/Pods-task-taskUITests-frameworks-${CONFIGURATION}-output-files.xcfilelist",
			);
			runOnlyForDeploymentPostprocessing = 0;
			shellPath = /bin/sh;
			shellScript = "\"${PODS_ROOT}/Target Support Files/Pods-task-taskUITests/Pods-task-taskUITests-frameworks.sh\"\n";
			showEnvVarsInLog = 0;
		};
		F2FA93BD4B93F3D7D62790F4 /* [CP] Embed Pods Frameworks */ = {
			isa = PBXShellScriptBuildPhase;
			buildActionMask = 2147483647;
			files = (
			);
			inputFileListPaths = (
				"${PODS_ROOT}/Target Support Files/Pods-task/Pods-task-frameworks-${CONFIGURATION}-input-files.xcfilelist",
			);
			name = "[CP] Embed Pods Frameworks";
			outputFileListPaths = (
				"${PODS_ROOT}/Target Support Files/Pods-task/Pods-task-frameworks-${CONFIGURATION}-output-files.xcfilelist",
			);
			runOnlyForDeploymentPostprocessing = 0;
			shellPath = /bin/sh;
			shellScript = "\"${PODS_ROOT}/Target Support Files/Pods-task/Pods-task-frameworks.sh\"\n";
			showEnvVarsInLog = 0;
		};
		F3BD8A73B65A422AA7D97EFC /* [CP] Check Pods Manifest.lock */ = {
			isa = PBXShellScriptBuildPhase;
			buildActionMask = 2147483647;
			files = (
			);
			inputFileListPaths = (
			);
			inputPaths = (
				"${PODS_PODFILE_DIR_PATH}/Podfile.lock",
				"${PODS_ROOT}/Manifest.lock",
			);
			name = "[CP] Check Pods Manifest.lock";
			outputFileListPaths = (
			);
			outputPaths = (
				"$(DERIVED_FILE_DIR)/Pods-task-checkManifestLockResult.txt",
			);
			runOnlyForDeploymentPostprocessing = 0;
			shellPath = /bin/sh;
			shellScript = "diff \"${PODS_PODFILE_DIR_PATH}/Podfile.lock\" \"${PODS_ROOT}/Manifest.lock\" > /dev/null\nif [ $? != 0 ] ; then\n    # print error to STDERR\n    echo \"error: The sandbox is not in sync with the Podfile.lock. Run 'pod install' or update your CocoaPods installation.\" >&2\n    exit 1\nfi\n# This output is used by Xcode 'outputs' to avoid re-running this script phase.\necho \"SUCCESS\" > \"${SCRIPT_OUTPUT_FILE_0}\"\n";
			showEnvVarsInLog = 0;
		};
/* End PBXShellScriptBuildPhase section */

/* Begin PBXSourcesBuildPhase section */
		A6E45DA9251ABA81000FE55F /* Sources */ = {
			isa = PBXSourcesBuildPhase;
			buildActionMask = 2147483647;
			files = (
				A63DA00D251BB76E00AE3926 /* ActivityIndicator.swift in Sources */,
				A63D9FFC251BB76E00AE3926 /* APIManager.swift in Sources */,
				A63D9FFD251BB76E00AE3926 /* APIRouter.swift in Sources */,
				A6569143251CA00000EC5D3C /* ProductsViewController.swift in Sources */,
				A65691AD251CC7CC00EC5D3C /* ProductDetailsPopUpViewController.swift in Sources */,
				A6569109251C53E700EC5D3C /* CategoryCoreData.swift in Sources */,
				A62C0B372551063A00028FAF /* VPAutoCompleteViewCell.swift in Sources */,
				A6E45DB1251ABA81000FE55F /* AppDelegate.swift in Sources */,
				A6569111251C5A9E00EC5D3C /* AlerteableViewController.swift in Sources */,
				A63D9FFE251BB76E00AE3926 /* APIResult.swift in Sources */,
				A63DA003251BB76E00AE3926 /* AppCoordinator.swift in Sources */,
				A6569161251CBFC100EC5D3C /* ProductCoreDateModel.swift in Sources */,
				A63DA00C251BB76E00AE3926 /* Logging.swift in Sources */,
				A63D9FF4251BB76E00AE3926 /* UIStoryboard+Controllers.swift in Sources */,
				A656913E251C9CBF00EC5D3C /* ProductsCoodinator.swift in Sources */,
				A6569150251CA68200EC5D3C /* ProductTableViewCell.swift in Sources */,
				A63DA000251BB76E00AE3926 /* API.swift in Sources */,
				A6E45DB3251ABA81000FE55F /* SceneDelegate.swift in Sources */,
				A63D9FE7251BB76E00AE3926 /* Constants.swift in Sources */,
				A63D9FF9251BB76E00AE3926 /* BaseViewController.swift in Sources */,
				A62C0B592551084500028FAF /* CityModel.swift in Sources */,
				A65690EC251C3EF500EC5D3C /* GetCategoryResponse.swift in Sources */,
				A65690AA251C227F00EC5D3C /* TaskApp.xcdatamodeld in Sources */,
				A63D9FEF251BB76E00AE3926 /* UIImageView+SDWebImage.swift in Sources */,
				A62C0B352551063A00028FAF /* VPAutoComplete.swift in Sources */,
				A63DA004251BB76E00AE3926 /* Coordinator.swift in Sources */,
				A63DA00A251BB76E00AE3926 /* BaseViewModel.swift in Sources */,
				A62C0B5A2551084500028FAF /* WeatherInfoModel.swift in Sources */,
				A63D9FF2251BB76E00AE3926 /* String+CamelCase.swift in Sources */,
				A65690F1251C3F2000EC5D3C /* GeneralData.swift in Sources */,
				A63DA012251BB77B00AE3926 /* AppDependency.swift in Sources */,
				A63D9FF3251BB76E00AE3926 /* Dictionary+CamelCase.swift in Sources */,
				A63D9FE8251BB76E00AE3926 /* Parameters.swift in Sources */,
				A65690F6251C496600EC5D3C /* CategoriesListViewController.swift in Sources */,
				A63D9FE9251BB76E00AE3926 /* Environment.swift in Sources */,
				A6569156251CA74F00EC5D3C /* ProductModel.swift in Sources */,
				A6569112251C5A9E00EC5D3C /* ActivityIndicatorViewable.swift in Sources */,
				A6569148251CA3C200EC5D3C /* ProductsViewModel.swift in Sources */,
				A63D9FF0251BB76E00AE3926 /* UIView.swift in Sources */,
				A63D9FFF251BB76E00AE3926 /* APICallError.swift in Sources */,
				A6569104251C4AAA00EC5D3C /* CategoryListViewModel.swift in Sources */,
				A63D9FF1251BB76E00AE3926 /* UIViewController+Navigation.swift in Sources */,
				A65690FC251C4A0E00EC5D3C /* CategoryCollectionViewCell.swift in Sources */,
			);
			runOnlyForDeploymentPostprocessing = 0;
		};
		A6E45DBF251ABA82000FE55F /* Sources */ = {
			isa = PBXSourcesBuildPhase;
			buildActionMask = 2147483647;
			files = (
				A6E45DC8251ABA82000FE55F /* taskTests.swift in Sources */,
			);
			runOnlyForDeploymentPostprocessing = 0;
		};
		A6E45DCA251ABA82000FE55F /* Sources */ = {
			isa = PBXSourcesBuildPhase;
			buildActionMask = 2147483647;
			files = (
				A6E45DD3251ABA82000FE55F /* taskUITests.swift in Sources */,
			);
			runOnlyForDeploymentPostprocessing = 0;
		};
/* End PBXSourcesBuildPhase section */

/* Begin PBXTargetDependency section */
		A6E45DC5251ABA82000FE55F /* PBXTargetDependency */ = {
			isa = PBXTargetDependency;
			target = A6E45DAC251ABA81000FE55F /* task */;
			targetProxy = A6E45DC4251ABA82000FE55F /* PBXContainerItemProxy */;
		};
		A6E45DD0251ABA82000FE55F /* PBXTargetDependency */ = {
			isa = PBXTargetDependency;
			target = A6E45DAC251ABA81000FE55F /* task */;
			targetProxy = A6E45DCF251ABA82000FE55F /* PBXContainerItemProxy */;
		};
/* End PBXTargetDependency section */

/* Begin PBXVariantGroup section */
		A63D9FDC251BB76E00AE3926 /* Main.storyboard */ = {
			isa = PBXVariantGroup;
			children = (
				A63D9FDD251BB76E00AE3926 /* Base */,
			);
			name = Main.storyboard;
			sourceTree = "<group>";
		};
		A6E45DBB251ABA81000FE55F /* LaunchScreen.storyboard */ = {
			isa = PBXVariantGroup;
			children = (
				A6E45DBC251ABA81000FE55F /* Base */,
			);
			name = LaunchScreen.storyboard;
			sourceTree = "<group>";
		};
/* End PBXVariantGroup section */

/* Begin XCBuildConfiguration section */
		A6E45DD5251ABA82000FE55F /* Debug */ = {
			isa = XCBuildConfiguration;
			buildSettings = {
				ALWAYS_SEARCH_USER_PATHS = NO;
				CLANG_ANALYZER_NONNULL = YES;
				CLANG_ANALYZER_NUMBER_OBJECT_CONVERSION = YES_AGGRESSIVE;
				CLANG_CXX_LANGUAGE_STANDARD = "gnu++14";
				CLANG_CXX_LIBRARY = "libc++";
				CLANG_ENABLE_MODULES = YES;
				CLANG_ENABLE_OBJC_ARC = YES;
				CLANG_ENABLE_OBJC_WEAK = YES;
				CLANG_WARN_BLOCK_CAPTURE_AUTORELEASING = YES;
				CLANG_WARN_BOOL_CONVERSION = YES;
				CLANG_WARN_COMMA = YES;
				CLANG_WARN_CONSTANT_CONVERSION = YES;
				CLANG_WARN_DEPRECATED_OBJC_IMPLEMENTATIONS = YES;
				CLANG_WARN_DIRECT_OBJC_ISA_USAGE = YES_ERROR;
				CLANG_WARN_DOCUMENTATION_COMMENTS = YES;
				CLANG_WARN_EMPTY_BODY = YES;
				CLANG_WARN_ENUM_CONVERSION = YES;
				CLANG_WARN_INFINITE_RECURSION = YES;
				CLANG_WARN_INT_CONVERSION = YES;
				CLANG_WARN_NON_LITERAL_NULL_CONVERSION = YES;
				CLANG_WARN_OBJC_IMPLICIT_RETAIN_SELF = YES;
				CLANG_WARN_OBJC_LITERAL_CONVERSION = YES;
				CLANG_WARN_OBJC_ROOT_CLASS = YES_ERROR;
				CLANG_WARN_QUOTED_INCLUDE_IN_FRAMEWORK_HEADER = YES;
				CLANG_WARN_RANGE_LOOP_ANALYSIS = YES;
				CLANG_WARN_STRICT_PROTOTYPES = YES;
				CLANG_WARN_SUSPICIOUS_MOVE = YES;
				CLANG_WARN_UNGUARDED_AVAILABILITY = YES_AGGRESSIVE;
				CLANG_WARN_UNREACHABLE_CODE = YES;
				CLANG_WARN__DUPLICATE_METHOD_MATCH = YES;
				COPY_PHASE_STRIP = NO;
				DEBUG_INFORMATION_FORMAT = dwarf;
				ENABLE_STRICT_OBJC_MSGSEND = YES;
				ENABLE_TESTABILITY = YES;
				GCC_C_LANGUAGE_STANDARD = gnu11;
				GCC_DYNAMIC_NO_PIC = NO;
				GCC_NO_COMMON_BLOCKS = YES;
				GCC_OPTIMIZATION_LEVEL = 0;
				GCC_PREPROCESSOR_DEFINITIONS = (
					"DEBUG=1",
					"$(inherited)",
				);
				GCC_WARN_64_TO_32_BIT_CONVERSION = YES;
				GCC_WARN_ABOUT_RETURN_TYPE = YES_ERROR;
				GCC_WARN_UNDECLARED_SELECTOR = YES;
				GCC_WARN_UNINITIALIZED_AUTOS = YES_AGGRESSIVE;
				GCC_WARN_UNUSED_FUNCTION = YES;
				GCC_WARN_UNUSED_VARIABLE = YES;
				IPHONEOS_DEPLOYMENT_TARGET = 13.0;
				MTL_ENABLE_DEBUG_INFO = INCLUDE_SOURCE;
				MTL_FAST_MATH = YES;
				ONLY_ACTIVE_ARCH = YES;
				SDKROOT = iphoneos;
				SWIFT_ACTIVE_COMPILATION_CONDITIONS = DEBUG;
				SWIFT_OPTIMIZATION_LEVEL = "-Onone";
			};
			name = Debug;
		};
		A6E45DD6251ABA82000FE55F /* Release */ = {
			isa = XCBuildConfiguration;
			buildSettings = {
				ALWAYS_SEARCH_USER_PATHS = NO;
				CLANG_ANALYZER_NONNULL = YES;
				CLANG_ANALYZER_NUMBER_OBJECT_CONVERSION = YES_AGGRESSIVE;
				CLANG_CXX_LANGUAGE_STANDARD = "gnu++14";
				CLANG_CXX_LIBRARY = "libc++";
				CLANG_ENABLE_MODULES = YES;
				CLANG_ENABLE_OBJC_ARC = YES;
				CLANG_ENABLE_OBJC_WEAK = YES;
				CLANG_WARN_BLOCK_CAPTURE_AUTORELEASING = YES;
				CLANG_WARN_BOOL_CONVERSION = YES;
				CLANG_WARN_COMMA = YES;
				CLANG_WARN_CONSTANT_CONVERSION = YES;
				CLANG_WARN_DEPRECATED_OBJC_IMPLEMENTATIONS = YES;
				CLANG_WARN_DIRECT_OBJC_ISA_USAGE = YES_ERROR;
				CLANG_WARN_DOCUMENTATION_COMMENTS = YES;
				CLANG_WARN_EMPTY_BODY = YES;
				CLANG_WARN_ENUM_CONVERSION = YES;
				CLANG_WARN_INFINITE_RECURSION = YES;
				CLANG_WARN_INT_CONVERSION = YES;
				CLANG_WARN_NON_LITERAL_NULL_CONVERSION = YES;
				CLANG_WARN_OBJC_IMPLICIT_RETAIN_SELF = YES;
				CLANG_WARN_OBJC_LITERAL_CONVERSION = YES;
				CLANG_WARN_OBJC_ROOT_CLASS = YES_ERROR;
				CLANG_WARN_QUOTED_INCLUDE_IN_FRAMEWORK_HEADER = YES;
				CLANG_WARN_RANGE_LOOP_ANALYSIS = YES;
				CLANG_WARN_STRICT_PROTOTYPES = YES;
				CLANG_WARN_SUSPICIOUS_MOVE = YES;
				CLANG_WARN_UNGUARDED_AVAILABILITY = YES_AGGRESSIVE;
				CLANG_WARN_UNREACHABLE_CODE = YES;
				CLANG_WARN__DUPLICATE_METHOD_MATCH = YES;
				COPY_PHASE_STRIP = NO;
				DEBUG_INFORMATION_FORMAT = "dwarf-with-dsym";
				ENABLE_NS_ASSERTIONS = NO;
				ENABLE_STRICT_OBJC_MSGSEND = YES;
				GCC_C_LANGUAGE_STANDARD = gnu11;
				GCC_NO_COMMON_BLOCKS = YES;
				GCC_WARN_64_TO_32_BIT_CONVERSION = YES;
				GCC_WARN_ABOUT_RETURN_TYPE = YES_ERROR;
				GCC_WARN_UNDECLARED_SELECTOR = YES;
				GCC_WARN_UNINITIALIZED_AUTOS = YES_AGGRESSIVE;
				GCC_WARN_UNUSED_FUNCTION = YES;
				GCC_WARN_UNUSED_VARIABLE = YES;
				IPHONEOS_DEPLOYMENT_TARGET = 13.0;
				MTL_ENABLE_DEBUG_INFO = NO;
				MTL_FAST_MATH = YES;
				SDKROOT = iphoneos;
				SWIFT_COMPILATION_MODE = wholemodule;
				SWIFT_OPTIMIZATION_LEVEL = "-O";
				VALIDATE_PRODUCT = YES;
			};
			name = Release;
		};
		A6E45DD8251ABA82000FE55F /* Debug */ = {
			isa = XCBuildConfiguration;
			baseConfigurationReference = C9B2C75558B1DA18CC8DDFB7 /* Pods-task.debug.xcconfig */;
			buildSettings = {
				ASSETCATALOG_COMPILER_APPICON_NAME = AppIcon;
				ASSETCATALOG_COMPILER_GLOBAL_ACCENT_COLOR_NAME = AccentColor;
				CODE_SIGN_STYLE = Automatic;
				DEVELOPMENT_TEAM = C5JGX3BV9X;
				INFOPLIST_FILE = task/Info.plist;
				IPHONEOS_DEPLOYMENT_TARGET = 13.0;
				LD_RUNPATH_SEARCH_PATHS = (
					"$(inherited)",
					"@executable_path/Frameworks",
				);
				PRODUCT_BUNDLE_IDENTIFIER = com.takeofflabs.task;
				PRODUCT_NAME = "$(TARGET_NAME)";
				SWIFT_VERSION = 5.0;
				TARGETED_DEVICE_FAMILY = "1,2";
			};
			name = Debug;
		};
		A6E45DD9251ABA82000FE55F /* Release */ = {
			isa = XCBuildConfiguration;
			baseConfigurationReference = 8F8E1FE278BD71B8F2931754 /* Pods-task.release.xcconfig */;
			buildSettings = {
				ASSETCATALOG_COMPILER_APPICON_NAME = AppIcon;
				ASSETCATALOG_COMPILER_GLOBAL_ACCENT_COLOR_NAME = AccentColor;
				CODE_SIGN_STYLE = Automatic;
				DEVELOPMENT_TEAM = C5JGX3BV9X;
				INFOPLIST_FILE = task/Info.plist;
				IPHONEOS_DEPLOYMENT_TARGET = 13.0;
				LD_RUNPATH_SEARCH_PATHS = (
					"$(inherited)",
					"@executable_path/Frameworks",
				);
				PRODUCT_BUNDLE_IDENTIFIER = com.takeofflabs.task;
				PRODUCT_NAME = "$(TARGET_NAME)";
				SWIFT_VERSION = 5.0;
				TARGETED_DEVICE_FAMILY = "1,2";
			};
			name = Release;
		};
		A6E45DDB251ABA82000FE55F /* Debug */ = {
			isa = XCBuildConfiguration;
			baseConfigurationReference = EE2E40BF84D243205FE9A592 /* Pods-taskTests.debug.xcconfig */;
			buildSettings = {
				ALWAYS_EMBED_SWIFT_STANDARD_LIBRARIES = YES;
				BUNDLE_LOADER = "$(TEST_HOST)";
				CODE_SIGN_STYLE = Automatic;
				DEVELOPMENT_TEAM = C5JGX3BV9X;
				INFOPLIST_FILE = taskTests/Info.plist;
				IPHONEOS_DEPLOYMENT_TARGET = 14.0;
				LD_RUNPATH_SEARCH_PATHS = (
					"$(inherited)",
					"@executable_path/Frameworks",
					"@loader_path/Frameworks",
				);
				PRODUCT_BUNDLE_IDENTIFIER = com.takeofflabs.taskTests;
				PRODUCT_NAME = "$(TARGET_NAME)";
				SWIFT_VERSION = 5.0;
				TARGETED_DEVICE_FAMILY = "1,2";
				TEST_HOST = "$(BUILT_PRODUCTS_DIR)/task.app/task";
			};
			name = Debug;
		};
		A6E45DDC251ABA82000FE55F /* Release */ = {
			isa = XCBuildConfiguration;
			baseConfigurationReference = 56D6034A5385E7715610FD6D /* Pods-taskTests.release.xcconfig */;
			buildSettings = {
				ALWAYS_EMBED_SWIFT_STANDARD_LIBRARIES = YES;
				BUNDLE_LOADER = "$(TEST_HOST)";
				CODE_SIGN_STYLE = Automatic;
				DEVELOPMENT_TEAM = C5JGX3BV9X;
				INFOPLIST_FILE = taskTests/Info.plist;
				IPHONEOS_DEPLOYMENT_TARGET = 14.0;
				LD_RUNPATH_SEARCH_PATHS = (
					"$(inherited)",
					"@executable_path/Frameworks",
					"@loader_path/Frameworks",
				);
				PRODUCT_BUNDLE_IDENTIFIER = com.takeofflabs.taskTests;
				PRODUCT_NAME = "$(TARGET_NAME)";
				SWIFT_VERSION = 5.0;
				TARGETED_DEVICE_FAMILY = "1,2";
				TEST_HOST = "$(BUILT_PRODUCTS_DIR)/task.app/task";
			};
			name = Release;
		};
		A6E45DDE251ABA82000FE55F /* Debug */ = {
			isa = XCBuildConfiguration;
			baseConfigurationReference = C35CC5CE776358EAD239C59C /* Pods-task-taskUITests.debug.xcconfig */;
			buildSettings = {
				ALWAYS_EMBED_SWIFT_STANDARD_LIBRARIES = YES;
				CODE_SIGN_STYLE = Automatic;
				DEVELOPMENT_TEAM = C5JGX3BV9X;
				INFOPLIST_FILE = taskUITests/Info.plist;
				LD_RUNPATH_SEARCH_PATHS = (
					"$(inherited)",
					"@executable_path/Frameworks",
					"@loader_path/Frameworks",
				);
				PRODUCT_BUNDLE_IDENTIFIER = com.takeofflabs.taskUITests;
				PRODUCT_NAME = "$(TARGET_NAME)";
				SWIFT_VERSION = 5.0;
				TARGETED_DEVICE_FAMILY = "1,2";
				TEST_TARGET_NAME = task;
			};
			name = Debug;
		};
		A6E45DDF251ABA82000FE55F /* Release */ = {
			isa = XCBuildConfiguration;
			baseConfigurationReference = 4D0F832C631815B78D2753AA /* Pods-task-taskUITests.release.xcconfig */;
			buildSettings = {
				ALWAYS_EMBED_SWIFT_STANDARD_LIBRARIES = YES;
				CODE_SIGN_STYLE = Automatic;
				DEVELOPMENT_TEAM = C5JGX3BV9X;
				INFOPLIST_FILE = taskUITests/Info.plist;
				LD_RUNPATH_SEARCH_PATHS = (
					"$(inherited)",
					"@executable_path/Frameworks",
					"@loader_path/Frameworks",
				);
				PRODUCT_BUNDLE_IDENTIFIER = com.takeofflabs.taskUITests;
				PRODUCT_NAME = "$(TARGET_NAME)";
				SWIFT_VERSION = 5.0;
				TARGETED_DEVICE_FAMILY = "1,2";
				TEST_TARGET_NAME = task;
			};
			name = Release;
		};
/* End XCBuildConfiguration section */

/* Begin XCConfigurationList section */
		A6E45DA8251ABA81000FE55F /* Build configuration list for PBXProject "task" */ = {
			isa = XCConfigurationList;
			buildConfigurations = (
				A6E45DD5251ABA82000FE55F /* Debug */,
				A6E45DD6251ABA82000FE55F /* Release */,
			);
			defaultConfigurationIsVisible = 0;
			defaultConfigurationName = Release;
		};
		A6E45DD7251ABA82000FE55F /* Build configuration list for PBXNativeTarget "task" */ = {
			isa = XCConfigurationList;
			buildConfigurations = (
				A6E45DD8251ABA82000FE55F /* Debug */,
				A6E45DD9251ABA82000FE55F /* Release */,
			);
			defaultConfigurationIsVisible = 0;
			defaultConfigurationName = Release;
		};
		A6E45DDA251ABA82000FE55F /* Build configuration list for PBXNativeTarget "taskTests" */ = {
			isa = XCConfigurationList;
			buildConfigurations = (
				A6E45DDB251ABA82000FE55F /* Debug */,
				A6E45DDC251ABA82000FE55F /* Release */,
			);
			defaultConfigurationIsVisible = 0;
			defaultConfigurationName = Release;
		};
		A6E45DDD251ABA82000FE55F /* Build configuration list for PBXNativeTarget "taskUITests" */ = {
			isa = XCConfigurationList;
			buildConfigurations = (
				A6E45DDE251ABA82000FE55F /* Debug */,
				A6E45DDF251ABA82000FE55F /* Release */,
			);
			defaultConfigurationIsVisible = 0;
			defaultConfigurationName = Release;
		};
/* End XCConfigurationList section */

/* Begin XCVersionGroup section */
		A65690A8251C227F00EC5D3C /* TaskApp.xcdatamodeld */ = {
			isa = XCVersionGroup;
			children = (
				A65690A9251C227F00EC5D3C /* MovieApp.xcdatamodel */,
			);
			currentVersion = A65690A9251C227F00EC5D3C /* MovieApp.xcdatamodel */;
			path = TaskApp.xcdatamodeld;
			sourceTree = "<group>";
			versionGroupType = wrapper.xcdatamodel;
		};
/* End XCVersionGroup section */
	};
	rootObject = A6E45DA5251ABA81000FE55F /* Project object */;
}
